
Microsoft Visual Studio Solution File, Format Version 12.00
# Visual Studio Version 16
VisualStudioVersion = 25.0.1706.14
MinimumVisualStudioVersion = 10.0.40219.1
Project("{FAE04EC0-301F-11D3-BF4B-00C04F79EFBC}") = "WebUI", "WebUI.csproj", "{FD2C4F2A-2129-4C18-A71C-E8504B9081C1}"
EndProject
Global
	GlobalSection(SolutionConfigurationPlatforms) = preSolution
		Debug|Any CPU = Debug|Any CPU
		Release|Any CPU = Release|Any CPU
	EndGlobalSection
	GlobalSection(ProjectConfigurationPlatforms) = postSolution
		{FD2C4F2A-2129-4C18-A71C-E8504B9081C1}.Debug|Any CPU.ActiveCfg = Debug|Any CPU
		{FD2C4F2A-2129-4C18-A71C-E8504B9081C1}.Debug|Any CPU.Build.0 = Debug|Any CPU
		{FD2C4F2A-2129-4C18-A71C-E8504B9081C1}.Release|Any CPU.ActiveCfg = Release|Any CPU
		{FD2C4F2A-2129-4C18-A71C-E8504B9081C1}.Release|Any CPU.Build.0 = Release|Any CPU
	EndGlobalSection
	GlobalSection(SolutionProperties) = preSolution
		HideSolutionNode = FALSE
	EndGlobalSection
	GlobalSection(ExtensibilityGlobals) = postSolution
		SolutionGuid = {4A1ACFBA-7F83-4D57-B325-9A1D408F5106}
	EndGlobalSection
EndGlobal
